// !$*UTF8*$!
{
	archiveVersion = 1;
	classes = {
	};
	objectVersion = 46;
	objects = {

/* Begin PBXBuildFile section */
		9A06EBF91438CBFC0056DB72 /* UIKit.framework in Frameworks */ = {isa = PBXBuildFile; fileRef = 9A06EBF81438CBFC0056DB72 /* UIKit.framework */; };
		9A06EBFB1438CBFC0056DB72 /* Foundation.framework in Frameworks */ = {isa = PBXBuildFile; fileRef = 9A06EBFA1438CBFC0056DB72 /* Foundation.framework */; };
		9A06EBFD1438CBFC0056DB72 /* CoreGraphics.framework in Frameworks */ = {isa = PBXBuildFile; fileRef = 9A06EBFC1438CBFC0056DB72 /* CoreGraphics.framework */; };
		9A06EC031438CBFC0056DB72 /* InfoPlist.strings in Resources */ = {isa = PBXBuildFile; fileRef = 9A06EC011438CBFC0056DB72 /* InfoPlist.strings */; };
		9A06EC051438CBFC0056DB72 /* main.m in Sources */ = {isa = PBXBuildFile; fileRef = 9A06EC041438CBFC0056DB72 /* main.m */; };
		9A06EC091438CBFC0056DB72 /* SMUtilitiesSampleAppDelegate.m in Sources */ = {isa = PBXBuildFile; fileRef = 9A06EC081438CBFC0056DB72 /* SMUtilitiesSampleAppDelegate.m */; };
		9A06EC0C1438CBFC0056DB72 /* MainWindow.xib in Resources */ = {isa = PBXBuildFile; fileRef = 9A06EC0A1438CBFC0056DB72 /* MainWindow.xib */; };
		9A06EC141438CBFC0056DB72 /* SenTestingKit.framework in Frameworks */ = {isa = PBXBuildFile; fileRef = 9A06EC131438CBFC0056DB72 /* SenTestingKit.framework */; };
		9A06EC151438CBFC0056DB72 /* UIKit.framework in Frameworks */ = {isa = PBXBuildFile; fileRef = 9A06EBF81438CBFC0056DB72 /* UIKit.framework */; };
		9A06EC161438CBFC0056DB72 /* Foundation.framework in Frameworks */ = {isa = PBXBuildFile; fileRef = 9A06EBFA1438CBFC0056DB72 /* Foundation.framework */; };
		9A06EC171438CBFC0056DB72 /* CoreGraphics.framework in Frameworks */ = {isa = PBXBuildFile; fileRef = 9A06EBFC1438CBFC0056DB72 /* CoreGraphics.framework */; };
		9A06EC1F1438CBFC0056DB72 /* InfoPlist.strings in Resources */ = {isa = PBXBuildFile; fileRef = 9A06EC1D1438CBFC0056DB72 /* InfoPlist.strings */; };
		9A06EC211438CBFD0056DB72 /* SMUtilitiesSampleTests.h in Resources */ = {isa = PBXBuildFile; fileRef = 9A06EC201438CBFD0056DB72 /* SMUtilitiesSampleTests.h */; };
		9A06EC231438CBFD0056DB72 /* SMUtilitiesSampleTests.m in Sources */ = {isa = PBXBuildFile; fileRef = 9A06EC221438CBFD0056DB72 /* SMUtilitiesSampleTests.m */; };
		9A06EC321438CC520056DB72 /* ConnectionViewController.m in Sources */ = {isa = PBXBuildFile; fileRef = 9A06EC301438CC520056DB72 /* ConnectionViewController.m */; };
		9A06EC331438CC520056DB72 /* ConnectionViewController.xib in Resources */ = {isa = PBXBuildFile; fileRef = 9A06EC311438CC520056DB72 /* ConnectionViewController.xib */; };
		9A06EC351438CE050056DB72 /* SMUtilities.framework in Frameworks */ = {isa = PBXBuildFile; fileRef = 9A06EC341438CE050056DB72 /* SMUtilities.framework */; };
/* End PBXBuildFile section */

/* Begin PBXContainerItemProxy section */
		9A06EC181438CBFC0056DB72 /* PBXContainerItemProxy */ = {
			isa = PBXContainerItemProxy;
			containerPortal = 9A06EBEB1438CBFC0056DB72 /* Project object */;
			proxyType = 1;
			remoteGlobalIDString = 9A06EBF31438CBFC0056DB72;
			remoteInfo = SMUtilitiesSample;
		};
/* End PBXContainerItemProxy section */

/* Begin PBXFileReference section */
		9A06EBF41438CBFC0056DB72 /* SMUtilitiesSample.app */ = {isa = PBXFileReference; explicitFileType = wrapper.application; includeInIndex = 0; path = SMUtilitiesSample.app; sourceTree = BUILT_PRODUCTS_DIR; };
		9A06EBF81438CBFC0056DB72 /* UIKit.framework */ = {isa = PBXFileReference; lastKnownFileType = wrapper.framework; name = UIKit.framework; path = System/Library/Frameworks/UIKit.framework; sourceTree = SDKROOT; };
		9A06EBFA1438CBFC0056DB72 /* Foundation.framework */ = {isa = PBXFileReference; lastKnownFileType = wrapper.framework; name = Foundation.framework; path = System/Library/Frameworks/Foundation.framework; sourceTree = SDKROOT; };
		9A06EBFC1438CBFC0056DB72 /* CoreGraphics.framework */ = {isa = PBXFileReference; lastKnownFileType = wrapper.framework; name = CoreGraphics.framework; path = System/Library/Frameworks/CoreGraphics.framework; sourceTree = SDKROOT; };
		9A06EC001438CBFC0056DB72 /* SMUtilitiesSample-Info.plist */ = {isa = PBXFileReference; lastKnownFileType = text.plist.xml; path = "SMUtilitiesSample-Info.plist"; sourceTree = "<group>"; };
		9A06EC021438CBFC0056DB72 /* en */ = {isa = PBXFileReference; lastKnownFileType = text.plist.strings; name = en; path = en.lproj/InfoPlist.strings; sourceTree = "<group>"; };
		9A06EC041438CBFC0056DB72 /* main.m */ = {isa = PBXFileReference; lastKnownFileType = sourcecode.c.objc; path = main.m; sourceTree = "<group>"; };
		9A06EC061438CBFC0056DB72 /* SMUtilitiesSample-Prefix.pch */ = {isa = PBXFileReference; lastKnownFileType = sourcecode.c.h; path = "SMUtilitiesSample-Prefix.pch"; sourceTree = "<group>"; };
		9A06EC071438CBFC0056DB72 /* SMUtilitiesSampleAppDelegate.h */ = {isa = PBXFileReference; lastKnownFileType = sourcecode.c.h; path = SMUtilitiesSampleAppDelegate.h; sourceTree = "<group>"; };
		9A06EC081438CBFC0056DB72 /* SMUtilitiesSampleAppDelegate.m */ = {isa = PBXFileReference; lastKnownFileType = sourcecode.c.objc; path = SMUtilitiesSampleAppDelegate.m; sourceTree = "<group>"; };
		9A06EC0B1438CBFC0056DB72 /* en */ = {isa = PBXFileReference; lastKnownFileType = file.xib; name = en; path = en.lproj/MainWindow.xib; sourceTree = "<group>"; };
		9A06EC121438CBFC0056DB72 /* SMUtilitiesSampleTests.octest */ = {isa = PBXFileReference; explicitFileType = wrapper.cfbundle; includeInIndex = 0; path = SMUtilitiesSampleTests.octest; sourceTree = BUILT_PRODUCTS_DIR; };
		9A06EC131438CBFC0056DB72 /* SenTestingKit.framework */ = {isa = PBXFileReference; lastKnownFileType = wrapper.framework; name = SenTestingKit.framework; path = Library/Frameworks/SenTestingKit.framework; sourceTree = DEVELOPER_DIR; };
		9A06EC1C1438CBFC0056DB72 /* SMUtilitiesSampleTests-Info.plist */ = {isa = PBXFileReference; lastKnownFileType = text.plist.xml; path = "SMUtilitiesSampleTests-Info.plist"; sourceTree = "<group>"; };
		9A06EC1E1438CBFC0056DB72 /* en */ = {isa = PBXFileReference; lastKnownFileType = text.plist.strings; name = en; path = en.lproj/InfoPlist.strings; sourceTree = "<group>"; };
		9A06EC201438CBFD0056DB72 /* SMUtilitiesSampleTests.h */ = {isa = PBXFileReference; lastKnownFileType = sourcecode.c.h; path = SMUtilitiesSampleTests.h; sourceTree = "<group>"; };
		9A06EC221438CBFD0056DB72 /* SMUtilitiesSampleTests.m */ = {isa = PBXFileReference; lastKnownFileType = sourcecode.c.objc; path = SMUtilitiesSampleTests.m; sourceTree = "<group>"; };
		9A06EC2F1438CC520056DB72 /* ConnectionViewController.h */ = {isa = PBXFileReference; fileEncoding = 4; lastKnownFileType = sourcecode.c.h; path = ConnectionViewController.h; sourceTree = "<group>"; };
		9A06EC301438CC520056DB72 /* ConnectionViewController.m */ = {isa = PBXFileReference; fileEncoding = 4; lastKnownFileType = sourcecode.c.objc; path = ConnectionViewController.m; sourceTree = "<group>"; };
		9A06EC311438CC520056DB72 /* ConnectionViewController.xib */ = {isa = PBXFileReference; fileEncoding = 4; lastKnownFileType = file.xib; path = ConnectionViewController.xib; sourceTree = "<group>"; };
		9A06EC341438CE050056DB72 /* SMUtilities.framework */ = {isa = PBXFileReference; lastKnownFileType = wrapper.framework; name = SMUtilities.framework; path = "../../Library/Developer/Xcode/DerivedData/SMUtilities-aqodlzwbytwtvbbgtrtmjkuhdqau/Build/Products/Debug-iphoneos/SMUtilities.framework"; sourceTree = "<group>"; };
/* End PBXFileReference section */

/* Begin PBXFrameworksBuildPhase section */
		9A06EBF11438CBFC0056DB72 /* Frameworks */ = {
			isa = PBXFrameworksBuildPhase;
			buildActionMask = 2147483647;
			files = (
				9A06EBF91438CBFC0056DB72 /* UIKit.framework in Frameworks */,
				9A06EBFB1438CBFC0056DB72 /* Foundation.framework in Frameworks */,
				9A06EBFD1438CBFC0056DB72 /* CoreGraphics.framework in Frameworks */,
				9A06EC351438CE050056DB72 /* SMUtilities.framework in Frameworks */,
			);
			runOnlyForDeploymentPostprocessing = 0;
		};
		9A06EC0E1438CBFC0056DB72 /* Frameworks */ = {
			isa = PBXFrameworksBuildPhase;
			buildActionMask = 2147483647;
			files = (
				9A06EC141438CBFC0056DB72 /* SenTestingKit.framework in Frameworks */,
				9A06EC151438CBFC0056DB72 /* UIKit.framework in Frameworks */,
				9A06EC161438CBFC0056DB72 /* Foundation.framework in Frameworks */,
				9A06EC171438CBFC0056DB72 /* CoreGraphics.framework in Frameworks */,
			);
			runOnlyForDeploymentPostprocessing = 0;
		};
/* End PBXFrameworksBuildPhase section */

/* Begin PBXGroup section */
		9A06EBE91438CBFC0056DB72 = {
			isa = PBXGroup;
			children = (
				9A06EBFE1438CBFC0056DB72 /* SMUtilitiesSample */,
				9A06EC1A1438CBFC0056DB72 /* SMUtilitiesSampleTests */,
				9A06EBF71438CBFC0056DB72 /* Frameworks */,
				9A06EBF51438CBFC0056DB72 /* Products */,
			);
			sourceTree = "<group>";
		};
		9A06EBF51438CBFC0056DB72 /* Products */ = {
			isa = PBXGroup;
			children = (
				9A06EBF41438CBFC0056DB72 /* SMUtilitiesSample.app */,
				9A06EC121438CBFC0056DB72 /* SMUtilitiesSampleTests.octest */,
			);
			name = Products;
			sourceTree = "<group>";
		};
		9A06EBF71438CBFC0056DB72 /* Frameworks */ = {
			isa = PBXGroup;
			children = (
				9A06EC341438CE050056DB72 /* SMUtilities.framework */,
				9A06EBF81438CBFC0056DB72 /* UIKit.framework */,
				9A06EBFA1438CBFC0056DB72 /* Foundation.framework */,
				9A06EBFC1438CBFC0056DB72 /* CoreGraphics.framework */,
				9A06EC131438CBFC0056DB72 /* SenTestingKit.framework */,
			);
			name = Frameworks;
			sourceTree = "<group>";
		};
		9A06EBFE1438CBFC0056DB72 /* SMUtilitiesSample */ = {
			isa = PBXGroup;
			children = (
				9A06EC071438CBFC0056DB72 /* SMUtilitiesSampleAppDelegate.h */,
				9A06EC081438CBFC0056DB72 /* SMUtilitiesSampleAppDelegate.m */,
				9A06EC0A1438CBFC0056DB72 /* MainWindow.xib */,
				9A06EBFF1438CBFC0056DB72 /* Supporting Files */,
				9A06EC2F1438CC520056DB72 /* ConnectionViewController.h */,
				9A06EC301438CC520056DB72 /* ConnectionViewController.m */,
				9A06EC311438CC520056DB72 /* ConnectionViewController.xib */,
			);
			path = SMUtilitiesSample;
			sourceTree = "<group>";
		};
		9A06EBFF1438CBFC0056DB72 /* Supporting Files */ = {
			isa = PBXGroup;
			children = (
				9A06EC001438CBFC0056DB72 /* SMUtilitiesSample-Info.plist */,
				9A06EC011438CBFC0056DB72 /* InfoPlist.strings */,
				9A06EC041438CBFC0056DB72 /* main.m */,
				9A06EC061438CBFC0056DB72 /* SMUtilitiesSample-Prefix.pch */,
			);
			name = "Supporting Files";
			sourceTree = "<group>";
		};
		9A06EC1A1438CBFC0056DB72 /* SMUtilitiesSampleTests */ = {
			isa = PBXGroup;
			children = (
				9A06EC201438CBFD0056DB72 /* SMUtilitiesSampleTests.h */,
				9A06EC221438CBFD0056DB72 /* SMUtilitiesSampleTests.m */,
				9A06EC1B1438CBFC0056DB72 /* Supporting Files */,
			);
			path = SMUtilitiesSampleTests;
			sourceTree = "<group>";
		};
		9A06EC1B1438CBFC0056DB72 /* Supporting Files */ = {
			isa = PBXGroup;
			children = (
				9A06EC1C1438CBFC0056DB72 /* SMUtilitiesSampleTests-Info.plist */,
				9A06EC1D1438CBFC0056DB72 /* InfoPlist.strings */,
			);
			name = "Supporting Files";
			sourceTree = "<group>";
		};
/* End PBXGroup section */

/* Begin PBXNativeTarget section */
		9A06EBF31438CBFC0056DB72 /* SMUtilitiesSample */ = {
			isa = PBXNativeTarget;
			buildConfigurationList = 9A06EC261438CBFD0056DB72 /* Build configuration list for PBXNativeTarget "SMUtilitiesSample" */;
			buildPhases = (
				9A06EBF01438CBFC0056DB72 /* Sources */,
				9A06EBF11438CBFC0056DB72 /* Frameworks */,
				9A06EBF21438CBFC0056DB72 /* Resources */,
			);
			buildRules = (
			);
			dependencies = (
			);
			name = SMUtilitiesSample;
			productName = SMUtilitiesSample;
			productReference = 9A06EBF41438CBFC0056DB72 /* SMUtilitiesSample.app */;
			productType = "com.apple.product-type.application";
		};
		9A06EC111438CBFC0056DB72 /* SMUtilitiesSampleTests */ = {
			isa = PBXNativeTarget;
			buildConfigurationList = 9A06EC291438CBFD0056DB72 /* Build configuration list for PBXNativeTarget "SMUtilitiesSampleTests" */;
			buildPhases = (
				9A06EC0D1438CBFC0056DB72 /* Sources */,
				9A06EC0E1438CBFC0056DB72 /* Frameworks */,
				9A06EC0F1438CBFC0056DB72 /* Resources */,
				9A06EC101438CBFC0056DB72 /* ShellScript */,
			);
			buildRules = (
			);
			dependencies = (
				9A06EC191438CBFC0056DB72 /* PBXTargetDependency */,
			);
			name = SMUtilitiesSampleTests;
			productName = SMUtilitiesSampleTests;
			productReference = 9A06EC121438CBFC0056DB72 /* SMUtilitiesSampleTests.octest */;
			productType = "com.apple.product-type.bundle";
		};
/* End PBXNativeTarget section */

/* Begin PBXProject section */
		9A06EBEB1438CBFC0056DB72 /* Project object */ = {
			isa = PBXProject;
			attributes = {
				ORGANIZATIONNAME = "suleymanmelikoglu@gmail.com";
			};
			buildConfigurationList = 9A06EBEE1438CBFC0056DB72 /* Build configuration list for PBXProject "SMUtilitiesSample" */;
			compatibilityVersion = "Xcode 3.2";
			developmentRegion = English;
			hasScannedForEncodings = 0;
			knownRegions = (
				en,
			);
			mainGroup = 9A06EBE91438CBFC0056DB72;
			productRefGroup = 9A06EBF51438CBFC0056DB72 /* Products */;
			projectDirPath = "";
			projectRoot = "";
			targets = (
				9A06EBF31438CBFC0056DB72 /* SMUtilitiesSample */,
				9A06EC111438CBFC0056DB72 /* SMUtilitiesSampleTests */,
			);
		};
/* End PBXProject section */

/* Begin PBXResourcesBuildPhase section */
		9A06EBF21438CBFC0056DB72 /* Resources */ = {
			isa = PBXResourcesBuildPhase;
			buildActionMask = 2147483647;
			files = (
				9A06EC031438CBFC0056DB72 /* InfoPlist.strings in Resources */,
				9A06EC0C1438CBFC0056DB72 /* MainWindow.xib in Resources */,
				9A06EC331438CC520056DB72 /* ConnectionViewController.xib in Resources */,
			);
			runOnlyForDeploymentPostprocessing = 0;
		};
		9A06EC0F1438CBFC0056DB72 /* Resources */ = {
			isa = PBXResourcesBuildPhase;
			buildActionMask = 2147483647;
			files = (
				9A06EC1F1438CBFC0056DB72 /* InfoPlist.strings in Resources */,
				9A06EC211438CBFD0056DB72 /* SMUtilitiesSampleTests.h in Resources */,
			);
			runOnlyForDeploymentPostprocessing = 0;
		};
/* End PBXResourcesBuildPhase section */

/* Begin PBXShellScriptBuildPhase section */
		9A06EC101438CBFC0056DB72 /* ShellScript */ = {
			isa = PBXShellScriptBuildPhase;
			buildActionMask = 2147483647;
			files = (
			);
			inputPaths = (
			);
			outputPaths = (
			);
			runOnlyForDeploymentPostprocessing = 0;
			shellPath = /bin/sh;
			shellScript = "# Run the unit tests in this test bundle.\n\"${SYSTEM_DEVELOPER_DIR}/Tools/RunUnitTests\"\n";
		};
/* End PBXShellScriptBuildPhase section */

/* Begin PBXSourcesBuildPhase section */
		9A06EBF01438CBFC0056DB72 /* Sources */ = {
			isa = PBXSourcesBuildPhase;
			buildActionMask = 2147483647;
			files = (
				9A06EC051438CBFC0056DB72 /* main.m in Sources */,
				9A06EC091438CBFC0056DB72 /* SMUtilitiesSampleAppDelegate.m in Sources */,
				9A06EC321438CC520056DB72 /* ConnectionViewController.m in Sources */,
			);
			runOnlyForDeploymentPostprocessing = 0;
		};
		9A06EC0D1438CBFC0056DB72 /* Sources */ = {
			isa = PBXSourcesBuildPhase;
			buildActionMask = 2147483647;
			files = (
				9A06EC231438CBFD0056DB72 /* SMUtilitiesSampleTests.m in Sources */,
			);
			runOnlyForDeploymentPostprocessing = 0;
		};
/* End PBXSourcesBuildPhase section */

/* Begin PBXTargetDependency section */
		9A06EC191438CBFC0056DB72 /* PBXTargetDependency */ = {
			isa = PBXTargetDependency;
			target = 9A06EBF31438CBFC0056DB72 /* SMUtilitiesSample */;
			targetProxy = 9A06EC181438CBFC0056DB72 /* PBXContainerItemProxy */;
		};
/* End PBXTargetDependency section */

/* Begin PBXVariantGroup section */
		9A06EC011438CBFC0056DB72 /* InfoPlist.strings */ = {
			isa = PBXVariantGroup;
			children = (
				9A06EC021438CBFC0056DB72 /* en */,
			);
			name = InfoPlist.strings;
			sourceTree = "<group>";
		};
		9A06EC0A1438CBFC0056DB72 /* MainWindow.xib */ = {
			isa = PBXVariantGroup;
			children = (
				9A06EC0B1438CBFC0056DB72 /* en */,
			);
			name = MainWindow.xib;
			sourceTree = "<group>";
		};
		9A06EC1D1438CBFC0056DB72 /* InfoPlist.strings */ = {
			isa = PBXVariantGroup;
			children = (
				9A06EC1E1438CBFC0056DB72 /* en */,
			);
			name = InfoPlist.strings;
			sourceTree = "<group>";
		};
/* End PBXVariantGroup section */

/* Begin XCBuildConfiguration section */
		9A06EC241438CBFD0056DB72 /* Debug */ = {
			isa = XCBuildConfiguration;
			buildSettings = {
				ALWAYS_SEARCH_USER_PATHS = NO;
				ARCHS = "$(ARCHS_STANDARD_32_BIT)";
				"CODE_SIGN_IDENTITY[sdk=iphoneos*]" = "iPhone Developer";
				COPY_PHASE_STRIP = NO;
				GCC_C_LANGUAGE_STANDARD = gnu99;
				GCC_DYNAMIC_NO_PIC = NO;
				GCC_OPTIMIZATION_LEVEL = 0;
				GCC_PREPROCESSOR_DEFINITIONS = (
					"DEBUG=1",
					"$(inherited)",
				);
				GCC_SYMBOLS_PRIVATE_EXTERN = NO;
				GCC_VERSION = com.apple.compilers.llvmgcc42;
				GCC_WARN_ABOUT_MISSING_PROTOTYPES = YES;
				GCC_WARN_ABOUT_RETURN_TYPE = YES;
				GCC_WARN_UNUSED_VARIABLE = YES;
				IPHONEOS_DEPLOYMENT_TARGET = 4.3;
				SDKROOT = iphoneos;
			};
			name = Debug;
		};
		9A06EC251438CBFD0056DB72 /* Release */ = {
			isa = XCBuildConfiguration;
			buildSettings = {
				ALWAYS_SEARCH_USER_PATHS = NO;
				ARCHS = "$(ARCHS_STANDARD_32_BIT)";
				"CODE_SIGN_IDENTITY[sdk=iphoneos*]" = "iPhone Developer";
				COPY_PHASE_STRIP = YES;
				GCC_C_LANGUAGE_STANDARD = gnu99;
				GCC_VERSION = com.apple.compilers.llvmgcc42;
				GCC_WARN_ABOUT_MISSING_PROTOTYPES = YES;
				GCC_WARN_ABOUT_RETURN_TYPE = YES;
				GCC_WARN_UNUSED_VARIABLE = YES;
				IPHONEOS_DEPLOYMENT_TARGET = 4.3;
				OTHER_CFLAGS = "-DNS_BLOCK_ASSERTIONS=1";
				SDKROOT = iphoneos;
				VALIDATE_PRODUCT = YES;
			};
			name = Release;
		};
		9A06EC271438CBFD0056DB72 /* Debug */ = {
			isa = XCBuildConfiguration;
			buildSettings = {
				FRAMEWORK_SEARCH_PATHS = (
					"$(inherited)",
					"\"$(SRCROOT)/../../Library/Developer/Xcode/DerivedData/SMUtilities-aqodlzwbytwtvbbgtrtmjkuhdqau/Build/Products/Debug-iphoneos\"",
				);
				GCC_PRECOMPILE_PREFIX_HEADER = YES;
				GCC_PREFIX_HEADER = "SMUtilitiesSample/SMUtilitiesSample-Prefix.pch";
				INFOPLIST_FILE = "SMUtilitiesSample/SMUtilitiesSample-Info.plist";
				PRODUCT_NAME = "$(TARGET_NAME)";
				WRAPPER_EXTENSION = app;
			};
			name = Debug;
		};
		9A06EC281438CBFD0056DB72 /* Release */ = {
			isa = XCBuildConfiguration;
			buildSettings = {
				FRAMEWORK_SEARCH_PATHS = (
					"$(inherited)",
					"\"$(SRCROOT)/../../Library/Developer/Xcode/DerivedData/SMUtilities-aqodlzwbytwtvbbgtrtmjkuhdqau/Build/Products/Debug-iphoneos\"",
				);
				GCC_PRECOMPILE_PREFIX_HEADER = YES;
				GCC_PREFIX_HEADER = "SMUtilitiesSample/SMUtilitiesSample-Prefix.pch";
				INFOPLIST_FILE = "SMUtilitiesSample/SMUtilitiesSample-Info.plist";
				PRODUCT_NAME = "$(TARGET_NAME)";
				WRAPPER_EXTENSION = app;
			};
			name = Release;
		};
		9A06EC2A1438CBFD0056DB72 /* Debug */ = {
			isa = XCBuildConfiguration;
			buildSettings = {
				BUNDLE_LOADER = "$(BUILT_PRODUCTS_DIR)/SMUtilitiesSample.app/SMUtilitiesSample";
				FRAMEWORK_SEARCH_PATHS = (
					"$(SDKROOT)/Developer/Library/Frameworks",
					"$(DEVELOPER_LIBRARY_DIR)/Frameworks",
				);
				GCC_PRECOMPILE_PREFIX_HEADER = YES;
				GCC_PREFIX_HEADER = "SMUtilitiesSample/SMUtilitiesSample-Prefix.pch";
				INFOPLIST_FILE = "SMUtilitiesSampleTests/SMUtilitiesSampleTests-Info.plist";
				PRODUCT_NAME = "$(TARGET_NAME)";
				TEST_HOST = "$(BUNDLE_LOADER)";
				WRAPPER_EXTENSION = octest;
			};
			name = Debug;
		};
		9A06EC2B1438CBFD0056DB72 /* Release */ = {
			isa = XCBuildConfiguration;
			buildSettings = {
				BUNDLE_LOADER = "$(BUILT_PRODUCTS_DIR)/SMUtilitiesSample.app/SMUtilitiesSample";
				FRAMEWORK_SEARCH_PATHS = (
					"$(SDKROOT)/Developer/Library/Frameworks",
					"$(DEVELOPER_LIBRARY_DIR)/Frameworks",
				);
				GCC_PRECOMPILE_PREFIX_HEADER = YES;
				GCC_PREFIX_HEADER = "SMUtilitiesSample/SMUtilitiesSample-Prefix.pch";
				INFOPLIST_FILE = "SMUtilitiesSampleTests/SMUtilitiesSampleTests-Info.plist";
				PRODUCT_NAME = "$(TARGET_NAME)";
				TEST_HOST = "$(BUNDLE_LOADER)";
				WRAPPER_EXTENSION = octest;
			};
			name = Release;
		};
/* End XCBuildConfiguration section */

/* Begin XCConfigurationList section */
		9A06EBEE1438CBFC0056DB72 /* Build configuration list for PBXProject "SMUtilitiesSample" */ = {
			isa = XCConfigurationList;
			buildConfigurations = (
				9A06EC241438CBFD0056DB72 /* Debug */,
				9A06EC251438CBFD0056DB72 /* Release */,
			);
			defaultConfigurationIsVisible = 0;
			defaultConfigurationName = Release;
		};
		9A06EC261438CBFD0056DB72 /* Build configuration list for PBXNativeTarget "SMUtilitiesSample" */ = {
			isa = XCConfigurationList;
			buildConfigurations = (
				9A06EC271438CBFD0056DB72 /* Debug */,
				9A06EC281438CBFD0056DB72 /* Release */,
			);
			defaultConfigurationIsVisible = 0;
		};
		9A06EC291438CBFD0056DB72 /* Build configuration list for PBXNativeTarget "SMUtilitiesSampleTests" */ = {
			isa = XCConfigurationList;
			buildConfigurations = (
				9A06EC2A1438CBFD0056DB72 /* Debug */,
				9A06EC2B1438CBFD0056DB72 /* Release */,
			);
			defaultConfigurationIsVisible = 0;
		};
/* End XCConfigurationList section */
	};
	rootObject = 9A06EBEB1438CBFC0056DB72 /* Project object */;
}
