// !$*UTF8*$!
{
	archiveVersion = 1;
	classes = {
	};
	objectVersion = 46;
	objects = {

/* Begin PBXBuildFile section */
		9AC436451438C4BB00CC4F6C /* Foundation.framework in Frameworks */ = {isa = PBXBuildFile; fileRef = 9AC436441438C4BB00CC4F6C /* Foundation.framework */; };
		9AC4364B1438C4BB00CC4F6C /* InfoPlist.strings in Resources */ = {isa = PBXBuildFile; fileRef = 9AC436491438C4BB00CC4F6C /* InfoPlist.strings */; };
		9AC436541438C4BB00CC4F6C /* SenTestingKit.framework in Frameworks */ = {isa = PBXBuildFile; fileRef = 9AC436531438C4BB00CC4F6C /* SenTestingKit.framework */; };
		9AC436561438C4BB00CC4F6C /* UIKit.framework in Frameworks */ = {isa = PBXBuildFile; fileRef = 9AC436551438C4BB00CC4F6C /* UIKit.framework */; };
		9AC436571438C4BB00CC4F6C /* Foundation.framework in Frameworks */ = {isa = PBXBuildFile; fileRef = 9AC436441438C4BB00CC4F6C /* Foundation.framework */; };
		9AC436591438C4BB00CC4F6C /* CoreGraphics.framework in Frameworks */ = {isa = PBXBuildFile; fileRef = 9AC436581438C4BB00CC4F6C /* CoreGraphics.framework */; };
		9AC4365E1438C4BB00CC4F6C /* SMUtilities.framework in Frameworks */ = {isa = PBXBuildFile; fileRef = 9AC436411438C4BB00CC4F6C /* SMUtilities.framework */; };
		9AC4365F1438C4BB00CC4F6C /* SMUtilities.framework in Frameworks */ = {isa = PBXBuildFile; fileRef = 9AC436411438C4BB00CC4F6C /* SMUtilities.framework */; };
		9AC436651438C4BB00CC4F6C /* InfoPlist.strings in Resources */ = {isa = PBXBuildFile; fileRef = 9AC436631438C4BB00CC4F6C /* InfoPlist.strings */; };
		9AC436671438C4BB00CC4F6C /* SMUtilitiesTests.h in Resources */ = {isa = PBXBuildFile; fileRef = 9AC436661438C4BB00CC4F6C /* SMUtilitiesTests.h */; };
		9AC436691438C4BB00CC4F6C /* SMUtilitiesTests.m in Sources */ = {isa = PBXBuildFile; fileRef = 9AC436681438C4BB00CC4F6C /* SMUtilitiesTests.m */; };
		9AC4367B1438C62500CC4F6C /* SMCacheConnection.h in Headers */ = {isa = PBXBuildFile; fileRef = 9AC436771438C62500CC4F6C /* SMCacheConnection.h */; settings = {ATTRIBUTES = (Public, ); }; };
		9AC4367C1438C62500CC4F6C /* SMCacheConnection.m in Sources */ = {isa = PBXBuildFile; fileRef = 9AC436781438C62500CC4F6C /* SMCacheConnection.m */; };
		9AC4367D1438C62500CC4F6C /* SMConnection.h in Headers */ = {isa = PBXBuildFile; fileRef = 9AC436791438C62500CC4F6C /* SMConnection.h */; settings = {ATTRIBUTES = (Public, ); }; };
		9AC4367E1438C62500CC4F6C /* SMConnection.m in Sources */ = {isa = PBXBuildFile; fileRef = 9AC4367A1438C62500CC4F6C /* SMConnection.m */; };
		9AC4368D1438C69500CC4F6C /* SMConnectionTest.m in Sources */ = {isa = PBXBuildFile; fileRef = 9AC4368B1438C69500CC4F6C /* SMConnectionTest.m */; };
		9AC436901438C7BD00CC4F6C /* SMCacheConnectionTest.m in Sources */ = {isa = PBXBuildFile; fileRef = 9AC4368F1438C7BD00CC4F6C /* SMCacheConnectionTest.m */; };
/* End PBXBuildFile section */

/* Begin PBXContainerItemProxy section */
		9AC4365A1438C4BB00CC4F6C /* PBXContainerItemProxy */ = {
			isa = PBXContainerItemProxy;
			containerPortal = 9AC436351438C4BB00CC4F6C /* Project object */;
			proxyType = 1;
			remoteGlobalIDString = 9AC436401438C4BB00CC4F6C;
			remoteInfo = SMUtilities;
		};
		9AC4365C1438C4BB00CC4F6C /* PBXContainerItemProxy */ = {
			isa = PBXContainerItemProxy;
			containerPortal = 9AC436351438C4BB00CC4F6C /* Project object */;
			proxyType = 1;
			remoteGlobalIDString = 9AC436401438C4BB00CC4F6C;
			remoteInfo = SMUtilities;
		};
/* End PBXContainerItemProxy section */

/* Begin PBXFileReference section */
		9AC436411438C4BB00CC4F6C /* SMUtilities.framework */ = {isa = PBXFileReference; explicitFileType = wrapper.framework.static; includeInIndex = 0; path = SMUtilities.framework; sourceTree = BUILT_PRODUCTS_DIR; };
		9AC436441438C4BB00CC4F6C /* Foundation.framework */ = {isa = PBXFileReference; lastKnownFileType = wrapper.framework; name = Foundation.framework; path = System/Library/Frameworks/Foundation.framework; sourceTree = SDKROOT; };
		9AC436481438C4BB00CC4F6C /* SMUtilities-Info.plist */ = {isa = PBXFileReference; lastKnownFileType = text.plist.xml; path = "SMUtilities-Info.plist"; sourceTree = "<group>"; };
		9AC4364A1438C4BB00CC4F6C /* en */ = {isa = PBXFileReference; lastKnownFileType = text.plist.strings; name = en; path = en.lproj/InfoPlist.strings; sourceTree = "<group>"; };
		9AC4364C1438C4BB00CC4F6C /* SMUtilities-Prefix.pch */ = {isa = PBXFileReference; lastKnownFileType = sourcecode.c.h; path = "SMUtilities-Prefix.pch"; sourceTree = "<group>"; };
		9AC436521438C4BB00CC4F6C /* SMUtilitiesTests.octest */ = {isa = PBXFileReference; explicitFileType = wrapper.cfbundle; includeInIndex = 0; path = SMUtilitiesTests.octest; sourceTree = BUILT_PRODUCTS_DIR; };
		9AC436531438C4BB00CC4F6C /* SenTestingKit.framework */ = {isa = PBXFileReference; lastKnownFileType = wrapper.framework; name = SenTestingKit.framework; path = Library/Frameworks/SenTestingKit.framework; sourceTree = DEVELOPER_DIR; };
		9AC436551438C4BB00CC4F6C /* UIKit.framework */ = {isa = PBXFileReference; lastKnownFileType = wrapper.framework; name = UIKit.framework; path = Library/Frameworks/UIKit.framework; sourceTree = DEVELOPER_DIR; };
		9AC436581438C4BB00CC4F6C /* CoreGraphics.framework */ = {isa = PBXFileReference; lastKnownFileType = wrapper.framework; name = CoreGraphics.framework; path = Library/Frameworks/CoreGraphics.framework; sourceTree = DEVELOPER_DIR; };
		9AC436621438C4BB00CC4F6C /* SMUtilitiesTests-Info.plist */ = {isa = PBXFileReference; lastKnownFileType = text.plist.xml; path = "SMUtilitiesTests-Info.plist"; sourceTree = "<group>"; };
		9AC436641438C4BB00CC4F6C /* en */ = {isa = PBXFileReference; lastKnownFileType = text.plist.strings; name = en; path = en.lproj/InfoPlist.strings; sourceTree = "<group>"; };
		9AC436661438C4BB00CC4F6C /* SMUtilitiesTests.h */ = {isa = PBXFileReference; lastKnownFileType = sourcecode.c.h; path = SMUtilitiesTests.h; sourceTree = "<group>"; };
		9AC436681438C4BB00CC4F6C /* SMUtilitiesTests.m */ = {isa = PBXFileReference; lastKnownFileType = sourcecode.c.objc; path = SMUtilitiesTests.m; sourceTree = "<group>"; };
		9AC436771438C62500CC4F6C /* SMCacheConnection.h */ = {isa = PBXFileReference; fileEncoding = 4; lastKnownFileType = sourcecode.c.h; path = SMCacheConnection.h; sourceTree = "<group>"; };
		9AC436781438C62500CC4F6C /* SMCacheConnection.m */ = {isa = PBXFileReference; fileEncoding = 4; lastKnownFileType = sourcecode.c.objc; path = SMCacheConnection.m; sourceTree = "<group>"; };
		9AC436791438C62500CC4F6C /* SMConnection.h */ = {isa = PBXFileReference; fileEncoding = 4; lastKnownFileType = sourcecode.c.h; path = SMConnection.h; sourceTree = "<group>"; };
		9AC4367A1438C62500CC4F6C /* SMConnection.m */ = {isa = PBXFileReference; fileEncoding = 4; lastKnownFileType = sourcecode.c.objc; path = SMConnection.m; sourceTree = "<group>"; };
		9AC4368A1438C69500CC4F6C /* SMConnectionTest.h */ = {isa = PBXFileReference; fileEncoding = 4; lastKnownFileType = sourcecode.c.h; path = SMConnectionTest.h; sourceTree = "<group>"; };
		9AC4368B1438C69500CC4F6C /* SMConnectionTest.m */ = {isa = PBXFileReference; fileEncoding = 4; lastKnownFileType = sourcecode.c.objc; path = SMConnectionTest.m; sourceTree = "<group>"; };
		9AC4368E1438C7BD00CC4F6C /* SMCacheConnectionTest.h */ = {isa = PBXFileReference; fileEncoding = 4; lastKnownFileType = sourcecode.c.h; path = SMCacheConnectionTest.h; sourceTree = "<group>"; };
		9AC4368F1438C7BD00CC4F6C /* SMCacheConnectionTest.m */ = {isa = PBXFileReference; fileEncoding = 4; lastKnownFileType = sourcecode.c.objc; path = SMCacheConnectionTest.m; sourceTree = "<group>"; };
/* End PBXFileReference section */

/* Begin PBXFrameworksBuildPhase section */
		9AC4363C1438C4BB00CC4F6C /* Frameworks */ = {
			isa = PBXFrameworksBuildPhase;
			buildActionMask = 2147483647;
			files = (
				9AC436451438C4BB00CC4F6C /* Foundation.framework in Frameworks */,
			);
			runOnlyForDeploymentPostprocessing = 0;
		};
		9AC4364E1438C4BB00CC4F6C /* Frameworks */ = {
			isa = PBXFrameworksBuildPhase;
			buildActionMask = 2147483647;
			files = (
				9AC436541438C4BB00CC4F6C /* SenTestingKit.framework in Frameworks */,
				9AC436561438C4BB00CC4F6C /* UIKit.framework in Frameworks */,
				9AC436571438C4BB00CC4F6C /* Foundation.framework in Frameworks */,
				9AC436591438C4BB00CC4F6C /* CoreGraphics.framework in Frameworks */,
				9AC4365E1438C4BB00CC4F6C /* SMUtilities.framework in Frameworks */,
				9AC4365F1438C4BB00CC4F6C /* SMUtilities.framework in Frameworks */,
			);
			runOnlyForDeploymentPostprocessing = 0;
		};
/* End PBXFrameworksBuildPhase section */

/* Begin PBXGroup section */
		9AC436331438C4BB00CC4F6C = {
			isa = PBXGroup;
			children = (
				9AC436461438C4BB00CC4F6C /* SMUtilities */,
				9AC436601438C4BB00CC4F6C /* SMUtilitiesTests */,
				9AC436431438C4BB00CC4F6C /* Frameworks */,
				9AC436421438C4BB00CC4F6C /* Products */,
			);
			sourceTree = "<group>";
		};
		9AC436421438C4BB00CC4F6C /* Products */ = {
			isa = PBXGroup;
			children = (
				9AC436411438C4BB00CC4F6C /* SMUtilities.framework */,
				9AC436521438C4BB00CC4F6C /* SMUtilitiesTests.octest */,
			);
			name = Products;
			sourceTree = "<group>";
		};
		9AC436431438C4BB00CC4F6C /* Frameworks */ = {
			isa = PBXGroup;
			children = (
				9AC436441438C4BB00CC4F6C /* Foundation.framework */,
				9AC436531438C4BB00CC4F6C /* SenTestingKit.framework */,
				9AC436551438C4BB00CC4F6C /* UIKit.framework */,
				9AC436581438C4BB00CC4F6C /* CoreGraphics.framework */,
			);
			name = Frameworks;
			sourceTree = "<group>";
		};
		9AC436461438C4BB00CC4F6C /* SMUtilities */ = {
			isa = PBXGroup;
			children = (
				9AC436761438C60800CC4F6C /* Connection */,
				9AC436471438C4BB00CC4F6C /* Supporting Files */,
			);
			path = SMUtilities;
			sourceTree = "<group>";
		};
		9AC436471438C4BB00CC4F6C /* Supporting Files */ = {
			isa = PBXGroup;
			children = (
				9AC436481438C4BB00CC4F6C /* SMUtilities-Info.plist */,
				9AC436491438C4BB00CC4F6C /* InfoPlist.strings */,
				9AC4364C1438C4BB00CC4F6C /* SMUtilities-Prefix.pch */,
			);
			name = "Supporting Files";
			sourceTree = "<group>";
		};
		9AC436601438C4BB00CC4F6C /* SMUtilitiesTests */ = {
			isa = PBXGroup;
			children = (
				9AC4367F1438C65E00CC4F6C /* Connection */,
				9AC436661438C4BB00CC4F6C /* SMUtilitiesTests.h */,
				9AC436681438C4BB00CC4F6C /* SMUtilitiesTests.m */,
				9AC436611438C4BB00CC4F6C /* Supporting Files */,
			);
			path = SMUtilitiesTests;
			sourceTree = "<group>";
		};
		9AC436611438C4BB00CC4F6C /* Supporting Files */ = {
			isa = PBXGroup;
			children = (
				9AC436621438C4BB00CC4F6C /* SMUtilitiesTests-Info.plist */,
				9AC436631438C4BB00CC4F6C /* InfoPlist.strings */,
			);
			name = "Supporting Files";
			sourceTree = "<group>";
		};
		9AC436761438C60800CC4F6C /* Connection */ = {
			isa = PBXGroup;
			children = (
				9AC436771438C62500CC4F6C /* SMCacheConnection.h */,
				9AC436781438C62500CC4F6C /* SMCacheConnection.m */,
				9AC436791438C62500CC4F6C /* SMConnection.h */,
				9AC4367A1438C62500CC4F6C /* SMConnection.m */,
			);
			name = Connection;
			sourceTree = "<group>";
		};
		9AC4367F1438C65E00CC4F6C /* Connection */ = {
			isa = PBXGroup;
			children = (
				9AC4368A1438C69500CC4F6C /* SMConnectionTest.h */,
				9AC4368B1438C69500CC4F6C /* SMConnectionTest.m */,
				9AC4368E1438C7BD00CC4F6C /* SMCacheConnectionTest.h */,
				9AC4368F1438C7BD00CC4F6C /* SMCacheConnectionTest.m */,
			);
			name = Connection;
			sourceTree = "<group>";
		};
/* End PBXGroup section */

/* Begin PBXHeadersBuildPhase section */
		9AC4363D1438C4BB00CC4F6C /* Headers */ = {
			isa = PBXHeadersBuildPhase;
			buildActionMask = 2147483647;
			files = (
				9AC4367B1438C62500CC4F6C /* SMCacheConnection.h in Headers */,
				9AC4367D1438C62500CC4F6C /* SMConnection.h in Headers */,
			);
			runOnlyForDeploymentPostprocessing = 0;
		};
/* End PBXHeadersBuildPhase section */

/* Begin PBXNativeTarget section */
		9AC436401438C4BB00CC4F6C /* SMUtilities */ = {
			isa = PBXNativeTarget;
			buildConfigurationList = 9AC4366C1438C4BB00CC4F6C /* Build configuration list for PBXNativeTarget "SMUtilities" */;
			buildPhases = (
				9AC4363A1438C4BB00CC4F6C /* ShellScript */,
				9AC4363B1438C4BB00CC4F6C /* Sources */,
				9AC4363C1438C4BB00CC4F6C /* Frameworks */,
				9AC4363D1438C4BB00CC4F6C /* Headers */,
				9AC4363E1438C4BB00CC4F6C /* Resources */,
				9AC4363F1438C4BB00CC4F6C /* ShellScript */,
			);
			buildRules = (
			);
			dependencies = (
			);
			name = SMUtilities;
			productName = SMUtilities;
			productReference = 9AC436411438C4BB00CC4F6C /* SMUtilities.framework */;
			productType = "com.apple.product-type.framework.static";
		};
		9AC436511438C4BB00CC4F6C /* SMUtilitiesTests */ = {
			isa = PBXNativeTarget;
			buildConfigurationList = 9AC4366F1438C4BB00CC4F6C /* Build configuration list for PBXNativeTarget "SMUtilitiesTests" */;
			buildPhases = (
				9AC4364D1438C4BB00CC4F6C /* Sources */,
				9AC4364E1438C4BB00CC4F6C /* Frameworks */,
				9AC4364F1438C4BB00CC4F6C /* Resources */,
				9AC436501438C4BB00CC4F6C /* ShellScript */,
			);
			buildRules = (
			);
			dependencies = (
				9AC4365B1438C4BB00CC4F6C /* PBXTargetDependency */,
				9AC4365D1438C4BB00CC4F6C /* PBXTargetDependency */,
			);
			name = SMUtilitiesTests;
			productName = SMUtilitiesTests;
			productReference = 9AC436521438C4BB00CC4F6C /* SMUtilitiesTests.octest */;
			productType = "com.apple.product-type.bundle";
		};
/* End PBXNativeTarget section */

/* Begin PBXProject section */
		9AC436351438C4BB00CC4F6C /* Project object */ = {
			isa = PBXProject;
			attributes = {
				ORGANIZATIONNAME = "suleymanmelikoglu@gmail.com";
			};
			buildConfigurationList = 9AC436381438C4BB00CC4F6C /* Build configuration list for PBXProject "SMUtilities" */;
			compatibilityVersion = "Xcode 3.2";
			developmentRegion = English;
			hasScannedForEncodings = 0;
			knownRegions = (
				en,
			);
			mainGroup = 9AC436331438C4BB00CC4F6C;
			productRefGroup = 9AC436421438C4BB00CC4F6C /* Products */;
			projectDirPath = "";
			projectRoot = "";
			targets = (
				9AC436401438C4BB00CC4F6C /* SMUtilities */,
				9AC436511438C4BB00CC4F6C /* SMUtilitiesTests */,
			);
		};
/* End PBXProject section */

/* Begin PBXResourcesBuildPhase section */
		9AC4363E1438C4BB00CC4F6C /* Resources */ = {
			isa = PBXResourcesBuildPhase;
			buildActionMask = 2147483647;
			files = (
				9AC4364B1438C4BB00CC4F6C /* InfoPlist.strings in Resources */,
			);
			runOnlyForDeploymentPostprocessing = 0;
		};
		9AC4364F1438C4BB00CC4F6C /* Resources */ = {
			isa = PBXResourcesBuildPhase;
			buildActionMask = 2147483647;
			files = (
				9AC436651438C4BB00CC4F6C /* InfoPlist.strings in Resources */,
				9AC436671438C4BB00CC4F6C /* SMUtilitiesTests.h in Resources */,
			);
			runOnlyForDeploymentPostprocessing = 0;
		};
/* End PBXResourcesBuildPhase section */

/* Begin PBXShellScriptBuildPhase section */
		9AC4363A1438C4BB00CC4F6C /* ShellScript */ = {
			isa = PBXShellScriptBuildPhase;
			buildActionMask = 2147483647;
			files = (
			);
			inputPaths = (
			);
			outputPaths = (
			);
			runOnlyForDeploymentPostprocessing = 0;
			shellPath = /bin/sh;
			shellScript = "set -e\n\nset +u\nif [[ $UFW_MASTER_SCRIPT_RUNNING ]]\nthen\n    # Nothing for the slave script to do\n    exit 0\nfi\nset -u\n\nif [[ \"$SDK_NAME\" =~ ([A-Za-z]+) ]]\nthen\n    UFW_SDK_PLATFORM=${BASH_REMATCH[1]}\nelse\n    echo \"Could not find platform name from SDK_NAME: $SDK_NAME\"\n    exit 1\nfi\n\nif [[ \"$SDK_NAME\" =~ ([0-9]+.*$) ]]\nthen\n\tUFW_SDK_VERSION=${BASH_REMATCH[1]}\nelse\n    echo \"Could not find sdk version  from SDK_NAME: $SDK_NAME\"\n    exit 1\nfi\n\nif [[ \"$UFW_SDK_PLATFORM\" = \"iphoneos\" ]]\nthen\n    UFW_OTHER_PLATFORM=iphonesimulator\nelse\n    UFW_OTHER_PLATFORM=iphoneos\nfi\n\nif [[ \"$BUILT_PRODUCTS_DIR\" =~ (.*)$UFW_SDK_PLATFORM$ ]]\nthen\n    UFW_OTHER_BUILT_PRODUCTS_DIR=\"${BASH_REMATCH[1]}${UFW_OTHER_PLATFORM}\"\nelse\n    echo \"Could not find $UFW_SDK_PLATFORM in $BUILT_PRODUCTS_DIR\"\n    exit 1\nfi\n\nONLY_ACTIVE_PLATFORM=${ONLY_ACTIVE_PLATFORM:-$ONLY_ACTIVE_ARCH}\n\n# Short-circuit if all binaries are up to date\n\nif [[ -f \"${BUILT_PRODUCTS_DIR}/${EXECUTABLE_PATH}\" ]] && \\\n   [[ -f \"${BUILT_PRODUCTS_DIR}/${PRODUCT_NAME}.embeddedframework/${EXECUTABLE_PATH}\" ]] && \\\n   [[ ! \"${BUILT_PRODUCTS_DIR}/${EXECUTABLE_PATH}\" -nt \"${BUILT_PRODUCTS_DIR}/${PRODUCT_NAME}.embeddedframework/${EXECUTABLE_PATH}\" ]] && \\\n  ([[ \"${ONLY_ACTIVE_PLATFORM}\" == \"YES\" ]] || \\\n    ([[ -f \"${UFW_OTHER_BUILT_PRODUCTS_DIR}/${EXECUTABLE_PATH}\" ]] && \\\n     [[ -f \"${UFW_OTHER_BUILT_PRODUCTS_DIR}/${PRODUCT_NAME}.embeddedframework/${EXECUTABLE_PATH}\" ]] && \\\n     [[ ! \"${UFW_OTHER_BUILT_PRODUCTS_DIR}/${EXECUTABLE_PATH}\" -nt \"${UFW_OTHER_BUILT_PRODUCTS_DIR}/${PRODUCT_NAME}.embeddedframework/${EXECUTABLE_PATH}\" ]]\n    )\n  )\nthen\n    exit 0\nfi\n\n\n# Clean other platform if needed\n\nif [[ ! -f \"${BUILT_PRODUCTS_DIR}/${EXECUTABLE_PATH}\" ]] && [[ \"${ONLY_ACTIVE_PLATFORM}\" != \"YES\" ]]\nthen\n\techo \"Platform \\\"$UFW_SDK_PLATFORM\\\" was cleaned recently. Cleaning \\\"$UFW_OTHER_PLATFORM\\\" as well\"\n\techo xcodebuild -project \"${PROJECT_FILE_PATH}\" -target \"${TARGET_NAME}\" -configuration \"${CONFIGURATION}\" -sdk ${UFW_OTHER_PLATFORM}${UFW_SDK_VERSION} BUILD_DIR=\"${BUILD_DIR}\" CONFIGURATION_TEMP_DIR=\"${PROJECT_TEMP_DIR}/${CONFIGURATION}-${UFW_OTHER_PLATFORM}\" clean\n\txcodebuild -project \"${PROJECT_FILE_PATH}\" -target \"${TARGET_NAME}\" -configuration \"${CONFIGURATION}\" -sdk ${UFW_OTHER_PLATFORM}${UFW_SDK_VERSION} BUILD_DIR=\"${BUILD_DIR}\" CONFIGURATION_TEMP_DIR=\"${PROJECT_TEMP_DIR}/${CONFIGURATION}-${UFW_OTHER_PLATFORM}\" clean\nfi\n\n\n# Make sure we are building from fresh binaries\n\nrm -rf \"${BUILT_PRODUCTS_DIR}/${EXECUTABLE_PATH}\"\nrm -rf \"${BUILT_PRODUCTS_DIR}/${PRODUCT_NAME}.embeddedframework\"\n\nif [[ \"${ONLY_ACTIVE_PLATFORM}\" != \"YES\" ]]\nthen\n    rm -rf \"${UFW_OTHER_BUILT_PRODUCTS_DIR}/${EXECUTABLE_PATH}\"\n    rm -rf \"${UFW_OTHER_BUILT_PRODUCTS_DIR}/${PRODUCT_NAME}.embeddedframework\"\nfi\n";
		};
		9AC4363F1438C4BB00CC4F6C /* ShellScript */ = {
			isa = PBXShellScriptBuildPhase;
			buildActionMask = 2147483647;
			files = (
			);
			inputPaths = (
			);
			outputPaths = (
			);
			runOnlyForDeploymentPostprocessing = 0;
			shellPath = /bin/sh;
			shellScript = "set -e\n\nset +u\nif [[ $UFW_MASTER_SCRIPT_RUNNING ]]\nthen\n    # Nothing for the slave script to do\n    exit 0\nfi\nset -u\nexport UFW_MASTER_SCRIPT_RUNNING=1\n\n\n# Functions\n\n## List files in the specified directory, storing to the specified array.\n#\n# @param $1 The path to list\n# @param $2 The name of the array to fill\n#\n##\nlist_files ()\n{\n    filelist=$(ls \"$1\")\n    while read line\n    do\n        eval \"$2[\\${#$2[*]}]=\\\"\\$line\\\"\"\n    done <<< \"$filelist\"\n}\n\n\n# Sanity check\n\nif [[ ! -f \"${BUILT_PRODUCTS_DIR}/${EXECUTABLE_PATH}\" ]]\nthen\n    echo \"Framework target \\\"${TARGET_NAME}\\\" had no source files to build from. Make sure your source files have the correct target membership\"\n    exit 1\nfi\n\n\n# Gather information\n\nif [[ \"$SDK_NAME\" =~ ([A-Za-z]+) ]]\nthen\n    UFW_SDK_PLATFORM=${BASH_REMATCH[1]}\nelse\n    echo \"Could not find platform name from SDK_NAME: $SDK_NAME\"\n    exit 1\nfi\n\nif [[ \"$SDK_NAME\" =~ ([0-9]+.*$) ]]\nthen\n    UFW_SDK_VERSION=${BASH_REMATCH[1]}\nelse\n    echo \"Could not find sdk version from SDK_NAME: $SDK_NAME\"\n    exit 1\nfi\n\nif [[ \"$UFW_SDK_PLATFORM\" = \"iphoneos\" ]]\nthen\n    UFW_OTHER_PLATFORM=iphonesimulator\nelse\n    UFW_OTHER_PLATFORM=iphoneos\nfi\n\nif [[ \"$BUILT_PRODUCTS_DIR\" =~ (.*)$UFW_SDK_PLATFORM$ ]]\nthen\n    UFW_OTHER_BUILT_PRODUCTS_DIR=\"${BASH_REMATCH[1]}${UFW_OTHER_PLATFORM}\"\nelse\n    echo \"Could not find $UFW_SDK_PLATFORM in $BUILT_PRODUCTS_DIR\"\n    exit 1\nfi\n\nONLY_ACTIVE_PLATFORM=${ONLY_ACTIVE_PLATFORM:-$ONLY_ACTIVE_ARCH}\n\n# Short-circuit if all binaries are up to date.\n# We already checked the other platform in the prerun script.\n\nif [[ -f \"${BUILT_PRODUCTS_DIR}/${EXECUTABLE_PATH}\" ]] && [[ -f \"${BUILT_PRODUCTS_DIR}/${PRODUCT_NAME}.embeddedframework/${EXECUTABLE_PATH}\" ]] && [[ ! \"${BUILT_PRODUCTS_DIR}/${EXECUTABLE_PATH}\" -nt \"${BUILT_PRODUCTS_DIR}/${PRODUCT_NAME}.embeddedframework/${EXECUTABLE_PATH}\" ]]\nthen\n    exit 0\nfi\n\nif [ \"${ONLY_ACTIVE_PLATFORM}\" == \"YES\" ]\nthen\n    echo \"ONLY_ACTIVE_PLATFORM=${ONLY_ACTIVE_PLATFORM}: Skipping other platform build\"\nelse\n    # Make sure the other platform gets built\n    \n    echo \"Build other platform\"\n    \n    echo xcodebuild -project \"${PROJECT_FILE_PATH}\" -target \"${TARGET_NAME}\" -configuration \"${CONFIGURATION}\" -sdk ${UFW_OTHER_PLATFORM}${UFW_SDK_VERSION} BUILD_DIR=\"${BUILD_DIR}\" CONFIGURATION_TEMP_DIR=\"${PROJECT_TEMP_DIR}/${CONFIGURATION}-${UFW_OTHER_PLATFORM}\" $ACTION\n    xcodebuild -project \"${PROJECT_FILE_PATH}\" -target \"${TARGET_NAME}\" -configuration \"${CONFIGURATION}\" -sdk ${UFW_OTHER_PLATFORM}${UFW_SDK_VERSION} BUILD_DIR=\"${BUILD_DIR}\" CONFIGURATION_TEMP_DIR=\"${PROJECT_TEMP_DIR}/${CONFIGURATION}-${UFW_OTHER_PLATFORM}\" $ACTION\n    \n    \n    # Build the fat static library binary\n    \n    echo \"Create universal static library\"\n    \n    echo \"$PLATFORM_DEVELOPER_BIN_DIR/libtool\" -static \"${BUILT_PRODUCTS_DIR}/${EXECUTABLE_PATH}\" \"${UFW_OTHER_BUILT_PRODUCTS_DIR}/${EXECUTABLE_PATH}\" -o \"${BUILT_PRODUCTS_DIR}/${EXECUTABLE_PATH}.temp\"\n    \"$PLATFORM_DEVELOPER_BIN_DIR/libtool\" -static \"${BUILT_PRODUCTS_DIR}/${EXECUTABLE_PATH}\" \"${UFW_OTHER_BUILT_PRODUCTS_DIR}/${EXECUTABLE_PATH}\" -o \"${BUILT_PRODUCTS_DIR}/${EXECUTABLE_PATH}.temp\"\n    \n    echo mv \"${BUILT_PRODUCTS_DIR}/${EXECUTABLE_PATH}.temp\" \"${BUILT_PRODUCTS_DIR}/${EXECUTABLE_PATH}\"\n    mv \"${BUILT_PRODUCTS_DIR}/${EXECUTABLE_PATH}.temp\" \"${BUILT_PRODUCTS_DIR}/${EXECUTABLE_PATH}\"\nfi\n\n# Build embedded framework structure\n\necho \"Build Embedded Framework\"\n\necho rm -rf \"${BUILT_PRODUCTS_DIR}/${PRODUCT_NAME}.embeddedframework\"\nrm -rf \"${BUILT_PRODUCTS_DIR}/${PRODUCT_NAME}.embeddedframework\"\necho mkdir -p \"${BUILT_PRODUCTS_DIR}/${PRODUCT_NAME}.embeddedframework/Resources\"\nmkdir -p \"${BUILT_PRODUCTS_DIR}/${PRODUCT_NAME}.embeddedframework/Resources\"\necho cp -a \"${BUILT_PRODUCTS_DIR}/${WRAPPER_NAME}\" \"${BUILT_PRODUCTS_DIR}/${PRODUCT_NAME}.embeddedframework/\"\ncp -a \"${BUILT_PRODUCTS_DIR}/${WRAPPER_NAME}\" \"${BUILT_PRODUCTS_DIR}/${PRODUCT_NAME}.embeddedframework/\"\n\ndeclare -a UFW_FILE_LIST\nlist_files \"${BUILT_PRODUCTS_DIR}/${UNLOCALIZED_RESOURCES_FOLDER_PATH}\" UFW_FILE_LIST\nfor filename in \"${UFW_FILE_LIST[@]}\"\ndo\n    if [[ \"${filename}\" != \"Info.plist\" ]] && [[ ! \"${filename}\" =~ .*\\.lproj$ ]]\n    then\n        echo ln -sf \"../${WRAPPER_NAME}/Resources/${filename}\" \"${BUILT_PRODUCTS_DIR}/${PRODUCT_NAME}.embeddedframework/Resources/${filename}\"\n        ln -sf \"../${WRAPPER_NAME}/Resources/${filename}\" \"${BUILT_PRODUCTS_DIR}/${PRODUCT_NAME}.embeddedframework/Resources/${filename}\"\n    fi\ndone\n\n\nif [ \"${ONLY_ACTIVE_PLATFORM}\" != \"YES\" ]\nthen\n    # Replace other platform's framework with a copy of this one (so that both have the same universal binary)\n    \n    echo \"Copy from $UFW_SDK_PLATFORM to $UFW_OTHER_PLATFORM\"\n    \n    echo rm -rf \"${BUILD_DIR}/${CONFIGURATION}-${UFW_OTHER_PLATFORM}\"\n    rm -rf \"${BUILD_DIR}/${CONFIGURATION}-${UFW_OTHER_PLATFORM}\"\n    echo cp -a \"${BUILD_DIR}/${CONFIGURATION}-${UFW_SDK_PLATFORM}\" \"${BUILD_DIR}/${CONFIGURATION}-${UFW_OTHER_PLATFORM}\"\n    cp -a \"${BUILD_DIR}/${CONFIGURATION}-${UFW_SDK_PLATFORM}\" \"${BUILD_DIR}/${CONFIGURATION}-${UFW_OTHER_PLATFORM}\"\nfi\n";
		};
		9AC436501438C4BB00CC4F6C /* ShellScript */ = {
			isa = PBXShellScriptBuildPhase;
			buildActionMask = 2147483647;
			files = (
			);
			inputPaths = (
			);
			outputPaths = (
			);
			runOnlyForDeploymentPostprocessing = 0;
			shellPath = /bin/sh;
			shellScript = "# Run the unit tests in this test bundle.\n\"${SYSTEM_DEVELOPER_DIR}/Tools/RunUnitTests\"\n";
		};
/* End PBXShellScriptBuildPhase section */

/* Begin PBXSourcesBuildPhase section */
		9AC4363B1438C4BB00CC4F6C /* Sources */ = {
			isa = PBXSourcesBuildPhase;
			buildActionMask = 2147483647;
			files = (
				9AC4367C1438C62500CC4F6C /* SMCacheConnection.m in Sources */,
				9AC4367E1438C62500CC4F6C /* SMConnection.m in Sources */,
			);
			runOnlyForDeploymentPostprocessing = 0;
		};
		9AC4364D1438C4BB00CC4F6C /* Sources */ = {
			isa = PBXSourcesBuildPhase;
			buildActionMask = 2147483647;
			files = (
				9AC436691438C4BB00CC4F6C /* SMUtilitiesTests.m in Sources */,
				9AC4368D1438C69500CC4F6C /* SMConnectionTest.m in Sources */,
				9AC436901438C7BD00CC4F6C /* SMCacheConnectionTest.m in Sources */,
			);
			runOnlyForDeploymentPostprocessing = 0;
		};
/* End PBXSourcesBuildPhase section */

/* Begin PBXTargetDependency section */
		9AC4365B1438C4BB00CC4F6C /* PBXTargetDependency */ = {
			isa = PBXTargetDependency;
			target = 9AC436401438C4BB00CC4F6C /* SMUtilities */;
			targetProxy = 9AC4365A1438C4BB00CC4F6C /* PBXContainerItemProxy */;
		};
		9AC4365D1438C4BB00CC4F6C /* PBXTargetDependency */ = {
			isa = PBXTargetDependency;
			target = 9AC436401438C4BB00CC4F6C /* SMUtilities */;
			targetProxy = 9AC4365C1438C4BB00CC4F6C /* PBXContainerItemProxy */;
		};
/* End PBXTargetDependency section */

/* Begin PBXVariantGroup section */
		9AC436491438C4BB00CC4F6C /* InfoPlist.strings */ = {
			isa = PBXVariantGroup;
			children = (
				9AC4364A1438C4BB00CC4F6C /* en */,
			);
			name = InfoPlist.strings;
			sourceTree = "<group>";
		};
		9AC436631438C4BB00CC4F6C /* InfoPlist.strings */ = {
			isa = PBXVariantGroup;
			children = (
				9AC436641438C4BB00CC4F6C /* en */,
			);
			name = InfoPlist.strings;
			sourceTree = "<group>";
		};
/* End PBXVariantGroup section */

/* Begin XCBuildConfiguration section */
		9AC4366A1438C4BB00CC4F6C /* Debug */ = {
			isa = XCBuildConfiguration;
			buildSettings = {
				ALWAYS_SEARCH_USER_PATHS = NO;
				ARCHS = "$(ARCHS_STANDARD_32_BIT)";
				COPY_PHASE_STRIP = NO;
				GCC_C_LANGUAGE_STANDARD = gnu99;
				GCC_DYNAMIC_NO_PIC = NO;
				GCC_OPTIMIZATION_LEVEL = 0;
				GCC_PREPROCESSOR_DEFINITIONS = (
					"DEBUG=1",
					"$(inherited)",
				);
				GCC_SYMBOLS_PRIVATE_EXTERN = NO;
				GCC_VERSION = com.apple.compilers.llvmgcc42;
				GCC_WARN_ABOUT_MISSING_PROTOTYPES = YES;
				GCC_WARN_ABOUT_RETURN_TYPE = YES;
				GCC_WARN_UNUSED_VARIABLE = YES;
				IPHONEOS_DEPLOYMENT_TARGET = 4.3;
				SDKROOT = iphoneos;
			};
			name = Debug;
		};
		9AC4366B1438C4BB00CC4F6C /* Release */ = {
			isa = XCBuildConfiguration;
			buildSettings = {
				ALWAYS_SEARCH_USER_PATHS = NO;
				ARCHS = "$(ARCHS_STANDARD_32_BIT)";
				COPY_PHASE_STRIP = YES;
				GCC_C_LANGUAGE_STANDARD = gnu99;
				GCC_VERSION = com.apple.compilers.llvmgcc42;
				GCC_WARN_ABOUT_MISSING_PROTOTYPES = YES;
				GCC_WARN_ABOUT_RETURN_TYPE = YES;
				GCC_WARN_UNUSED_VARIABLE = YES;
				IPHONEOS_DEPLOYMENT_TARGET = 4.3;
				SDKROOT = iphoneos;
				VALIDATE_PRODUCT = YES;
			};
			name = Release;
		};
		9AC4366D1438C4BB00CC4F6C /* Debug */ = {
			isa = XCBuildConfiguration;
			buildSettings = {
				DYLIB_COMPATIBILITY_VERSION = 1;
				DYLIB_CURRENT_VERSION = 1;
				FRAMEWORK_VERSION = A;
				GCC_PRECOMPILE_PREFIX_HEADER = YES;
				GCC_PREFIX_HEADER = "SMUtilities/SMUtilities-Prefix.pch";
				INFOPLIST_FILE = "SMUtilities/SMUtilities-Info.plist";
				PRODUCT_NAME = "$(TARGET_NAME)";
				SKIP_INSTALL = YES;
				WRAPPER_EXTENSION = framework;
			};
			name = Debug;
		};
		9AC4366E1438C4BB00CC4F6C /* Release */ = {
			isa = XCBuildConfiguration;
			buildSettings = {
				DYLIB_COMPATIBILITY_VERSION = 1;
				DYLIB_CURRENT_VERSION = 1;
				FRAMEWORK_VERSION = A;
				GCC_PRECOMPILE_PREFIX_HEADER = YES;
				GCC_PREFIX_HEADER = "SMUtilities/SMUtilities-Prefix.pch";
				INFOPLIST_FILE = "SMUtilities/SMUtilities-Info.plist";
				PRODUCT_NAME = "$(TARGET_NAME)";
				SKIP_INSTALL = YES;
				WRAPPER_EXTENSION = framework;
			};
			name = Release;
		};
		9AC436701438C4BB00CC4F6C /* Debug */ = {
			isa = XCBuildConfiguration;
			buildSettings = {
				FRAMEWORK_SEARCH_PATHS = (
					"$(SDKROOT)/Developer/Library/Frameworks",
					"$(DEVELOPER_LIBRARY_DIR)/Frameworks",
				);
				GCC_PRECOMPILE_PREFIX_HEADER = YES;
				GCC_PREFIX_HEADER = "SMUtilities/SMUtilities-Prefix.pch";
				INFOPLIST_FILE = "SMUtilitiesTests/SMUtilitiesTests-Info.plist";
				PRODUCT_NAME = "$(TARGET_NAME)";
				WRAPPER_EXTENSION = octest;
			};
			name = Debug;
		};
		9AC436711438C4BB00CC4F6C /* Release */ = {
			isa = XCBuildConfiguration;
			buildSettings = {
				FRAMEWORK_SEARCH_PATHS = (
					"$(SDKROOT)/Developer/Library/Frameworks",
					"$(DEVELOPER_LIBRARY_DIR)/Frameworks",
				);
				GCC_PRECOMPILE_PREFIX_HEADER = YES;
				GCC_PREFIX_HEADER = "SMUtilities/SMUtilities-Prefix.pch";
				INFOPLIST_FILE = "SMUtilitiesTests/SMUtilitiesTests-Info.plist";
				PRODUCT_NAME = "$(TARGET_NAME)";
				WRAPPER_EXTENSION = octest;
			};
			name = Release;
		};
/* End XCBuildConfiguration section */

/* Begin XCConfigurationList section */
		9AC436381438C4BB00CC4F6C /* Build configuration list for PBXProject "SMUtilities" */ = {
			isa = XCConfigurationList;
			buildConfigurations = (
				9AC4366A1438C4BB00CC4F6C /* Debug */,
				9AC4366B1438C4BB00CC4F6C /* Release */,
			);
			defaultConfigurationIsVisible = 0;
			defaultConfigurationName = Release;
		};
		9AC4366C1438C4BB00CC4F6C /* Build configuration list for PBXNativeTarget "SMUtilities" */ = {
			isa = XCConfigurationList;
			buildConfigurations = (
				9AC4366D1438C4BB00CC4F6C /* Debug */,
				9AC4366E1438C4BB00CC4F6C /* Release */,
			);
			defaultConfigurationIsVisible = 0;
		};
		9AC4366F1438C4BB00CC4F6C /* Build configuration list for PBXNativeTarget "SMUtilitiesTests" */ = {
			isa = XCConfigurationList;
			buildConfigurations = (
				9AC436701438C4BB00CC4F6C /* Debug */,
				9AC436711438C4BB00CC4F6C /* Release */,
			);
			defaultConfigurationIsVisible = 0;
		};
/* End XCConfigurationList section */
	};
	rootObject = 9AC436351438C4BB00CC4F6C /* Project object */;
}
